// !$*UTF8*$!
{
	archiveVersion = 1;
	classes = {
	};
	objectVersion = 46;
	objects = {

/* Begin PBXBuildFile section */
		8C22782819BD43DD00815B3E /* AppDelegate.swift in Sources */ = {isa = PBXBuildFile; fileRef = 8C22782719BD43DD00815B3E /* AppDelegate.swift */; };
		8C22782A19BD43DD00815B3E /* ViewController.swift in Sources */ = {isa = PBXBuildFile; fileRef = 8C22782919BD43DD00815B3E /* ViewController.swift */; };
		8C22782D19BD43DD00815B3E /* Main.storyboard in Resources */ = {isa = PBXBuildFile; fileRef = 8C22782B19BD43DD00815B3E /* Main.storyboard */; };
		8C22782F19BD43DD00815B3E /* Images.xcassets in Resources */ = {isa = PBXBuildFile; fileRef = 8C22782E19BD43DD00815B3E /* Images.xcassets */; };
		8C22783B19BD43DD00815B3E /* tipsTests.swift in Sources */ = {isa = PBXBuildFile; fileRef = 8C22783A19BD43DD00815B3E /* tipsTests.swift */; };
/* End PBXBuildFile section */

/* Begin PBXContainerItemProxy section */
		8C22783519BD43DD00815B3E /* PBXContainerItemProxy */ = {
			isa = PBXContainerItemProxy;
			containerPortal = 8C22781A19BD43DC00815B3E /* Project object */;
			proxyType = 1;
			remoteGlobalIDString = 8C22782119BD43DC00815B3E;
			remoteInfo = tips;
		};
/* End PBXContainerItemProxy section */

/* Begin PBXFileReference section */
		8C22782219BD43DC00815B3E /* tips.app */ = {isa = PBXFileReference; explicitFileType = wrapper.application; includeInIndex = 0; path = tips.app; sourceTree = BUILT_PRODUCTS_DIR; };
		8C22782619BD43DD00815B3E /* Info.plist */ = {isa = PBXFileReference; lastKnownFileType = text.plist.xml; path = Info.plist; sourceTree = "<group>"; };
		8C22782719BD43DD00815B3E /* AppDelegate.swift */ = {isa = PBXFileReference; lastKnownFileType = sourcecode.swift; path = AppDelegate.swift; sourceTree = "<group>"; };
		8C22782919BD43DD00815B3E /* ViewController.swift */ = {isa = PBXFileReference; lastKnownFileType = sourcecode.swift; path = ViewController.swift; sourceTree = "<group>"; };
		8C22782C19BD43DD00815B3E /* Base */ = {isa = PBXFileReference; lastKnownFileType = file.storyboard; name = Base; path = Base.lproj/Main.storyboard; sourceTree = "<group>"; };
		8C22782E19BD43DD00815B3E /* Images.xcassets */ = {isa = PBXFileReference; lastKnownFileType = folder.assetcatalog; path = Images.xcassets; sourceTree = "<group>"; };
		8C22783419BD43DD00815B3E /* tipsTests.xctest */ = {isa = PBXFileReference; explicitFileType = wrapper.cfbundle; includeInIndex = 0; path = tipsTests.xctest; sourceTree = BUILT_PRODUCTS_DIR; };
		8C22783919BD43DD00815B3E /* Info.plist */ = {isa = PBXFileReference; lastKnownFileType = text.plist.xml; path = Info.plist; sourceTree = "<group>"; };
		8C22783A19BD43DD00815B3E /* tipsTests.swift */ = {isa = PBXFileReference; lastKnownFileType = sourcecode.swift; path = tipsTests.swift; sourceTree = "<group>"; };
/* End PBXFileReference section */

/* Begin PBXFrameworksBuildPhase section */
		8C22781F19BD43DC00815B3E /* Frameworks */ = {
			isa = PBXFrameworksBuildPhase;
			buildActionMask = 2147483647;
			files = (
			);
			runOnlyForDeploymentPostprocessing = 0;
		};
		8C22783119BD43DD00815B3E /* Frameworks */ = {
			isa = PBXFrameworksBuildPhase;
			buildActionMask = 2147483647;
			files = (
			);
			runOnlyForDeploymentPostprocessing = 0;
		};
/* End PBXFrameworksBuildPhase section */

/* Begin PBXGroup section */
		8C22781919BD43DC00815B3E = {
			isa = PBXGroup;
			children = (
				8C22782419BD43DD00815B3E /* tips */,
				8C22783719BD43DD00815B3E /* tipsTests */,
				8C22782319BD43DC00815B3E /* Products */,
			);
			sourceTree = "<group>";
		};
		8C22782319BD43DC00815B3E /* Products */ = {
			isa = PBXGroup;
			children = (
				8C22782219BD43DC00815B3E /* tips.app */,
				8C22783419BD43DD00815B3E /* tipsTests.xctest */,
			);
			name = Products;
			sourceTree = "<group>";
		};
		8C22782419BD43DD00815B3E /* tips */ = {
			isa = PBXGroup;
			children = (
				8C22782719BD43DD00815B3E /* AppDelegate.swift */,
				8C22782919BD43DD00815B3E /* ViewController.swift */,
				8C22782B19BD43DD00815B3E /* Main.storyboard */,
				8C22782E19BD43DD00815B3E /* Images.xcassets */,
				8C22782519BD43DD00815B3E /* Supporting Files */,
			);
			path = tips;
			sourceTree = "<group>";
		};
		8C22782519BD43DD00815B3E /* Supporting Files */ = {
			isa = PBXGroup;
			children = (
				8C22782619BD43DD00815B3E /* Info.plist */,
			);
			name = "Supporting Files";
			sourceTree = "<group>";
		};
		8C22783719BD43DD00815B3E /* tipsTests */ = {
			isa = PBXGroup;
			children = (
				8C22783A19BD43DD00815B3E /* tipsTests.swift */,
				8C22783819BD43DD00815B3E /* Supporting Files */,
			);
			path = tipsTests;
			sourceTree = "<group>";
		};
		8C22783819BD43DD00815B3E /* Supporting Files */ = {
			isa = PBXGroup;
			children = (
				8C22783919BD43DD00815B3E /* Info.plist */,
			);
			name = "Supporting Files";
			sourceTree = "<group>";
		};
/* End PBXGroup section */

/* Begin PBXNativeTarget section */
		8C22782119BD43DC00815B3E /* tips */ = {
			isa = PBXNativeTarget;
			buildConfigurationList = 8C22783E19BD43DD00815B3E /* Build configuration list for PBXNativeTarget "tips" */;
			buildPhases = (
				8C22781E19BD43DC00815B3E /* Sources */,
				8C22781F19BD43DC00815B3E /* Frameworks */,
				8C22782019BD43DC00815B3E /* Resources */,
			);
			buildRules = (
			);
			dependencies = (
			);
			name = tips;
			productName = tips;
			productReference = 8C22782219BD43DC00815B3E /* tips.app */;
			productType = "com.apple.product-type.application";
		};
		8C22783319BD43DD00815B3E /* tipsTests */ = {
			isa = PBXNativeTarget;
			buildConfigurationList = 8C22784119BD43DD00815B3E /* Build configuration list for PBXNativeTarget "tipsTests" */;
			buildPhases = (
				8C22783019BD43DD00815B3E /* Sources */,
				8C22783119BD43DD00815B3E /* Frameworks */,
				8C22783219BD43DD00815B3E /* Resources */,
			);
			buildRules = (
			);
			dependencies = (
				8C22783619BD43DD00815B3E /* PBXTargetDependency */,
			);
			name = tipsTests;
			productName = tipsTests;
			productReference = 8C22783419BD43DD00815B3E /* tipsTests.xctest */;
			productType = "com.apple.product-type.bundle.unit-test";
		};
/* End PBXNativeTarget section */

/* Begin PBXProject section */
		8C22781A19BD43DC00815B3E /* Project object */ = {
			isa = PBXProject;
			attributes = {
				LastUpgradeCheck = 0600;
				ORGANIZATIONNAME = "James Fell";
				TargetAttributes = {
					8C22782119BD43DC00815B3E = {
						CreatedOnToolsVersion = 6.0;
					};
					8C22783319BD43DD00815B3E = {
						CreatedOnToolsVersion = 6.0;
						TestTargetID = 8C22782119BD43DC00815B3E;
					};
				};
			};
			buildConfigurationList = 8C22781D19BD43DC00815B3E /* Build configuration list for PBXProject "tips" */;
			compatibilityVersion = "Xcode 3.2";
			developmentRegion = English;
			hasScannedForEncodings = 0;
			knownRegions = (
				en,
				Base,
			);
			mainGroup = 8C22781919BD43DC00815B3E;
			productRefGroup = 8C22782319BD43DC00815B3E /* Products */;
			projectDirPath = "";
			projectRoot = "";
			targets = (
				8C22782119BD43DC00815B3E /* tips */,
				8C22783319BD43DD00815B3E /* tipsTests */,
			);
		};
/* End PBXProject section */

/* Begin PBXResourcesBuildPhase section */
		8C22782019BD43DC00815B3E /* Resources */ = {
			isa = PBXResourcesBuildPhase;
			buildActionMask = 2147483647;
			files = (
				8C22782D19BD43DD00815B3E /* Main.storyboard in Resources */,
				8C22782F19BD43DD00815B3E /* Images.xcassets in Resources */,
			);
			runOnlyForDeploymentPostprocessing = 0;
		};
		8C22783219BD43DD00815B3E /* Resources */ = {
			isa = PBXResourcesBuildPhase;
			buildActionMask = 2147483647;
			files = (
			);
			runOnlyForDeploymentPostprocessing = 0;
		};
/* End PBXResourcesBuildPhase section */

/* Begin PBXSourcesBuildPhase section */
		8C22781E19BD43DC00815B3E /* Sources */ = {
			isa = PBXSourcesBuildPhase;
			buildActionMask = 2147483647;
			files = (
				8C22782A19BD43DD00815B3E /* ViewController.swift in Sources */,
				8C22782819BD43DD00815B3E /* AppDelegate.swift in Sources */,
			);
			runOnlyForDeploymentPostprocessing = 0;
		};
		8C22783019BD43DD00815B3E /* Sources */ = {
			isa = PBXSourcesBuildPhase;
			buildActionMask = 2147483647;
			files = (
				8C22783B19BD43DD00815B3E /* tipsTests.swift in Sources */,
			);
			runOnlyForDeploymentPostprocessing = 0;
		};
/* End PBXSourcesBuildPhase section */

/* Begin PBXTargetDependency section */
		8C22783619BD43DD00815B3E /* PBXTargetDependency */ = {
			isa = PBXTargetDependency;
			target = 8C22782119BD43DC00815B3E /* tips */;
			targetProxy = 8C22783519BD43DD00815B3E /* PBXContainerItemProxy */;
		};
/* End PBXTargetDependency section */

/* Begin PBXVariantGroup section */
		8C22782B19BD43DD00815B3E /* Main.storyboard */ = {
			isa = PBXVariantGroup;
			children = (
				8C22782C19BD43DD00815B3E /* Base */,
			);
			name = Main.storyboard;
			sourceTree = "<group>";
		};
/* End PBXVariantGroup section */

/* Begin XCBuildConfiguration section */
		8C22783C19BD43DD00815B3E /* Debug */ = {
			isa = XCBuildConfiguration;
			buildSettings = {
				ALWAYS_SEARCH_USER_PATHS = NO;
				CLANG_CXX_LANGUAGE_STANDARD = "gnu++0x";
				CLANG_CXX_LIBRARY = "libc++";
				CLANG_ENABLE_MODULES = YES;
				CLANG_ENABLE_OBJC_ARC = YES;
				CLANG_WARN_BOOL_CONVERSION = YES;
				CLANG_WARN_CONSTANT_CONVERSION = YES;
				CLANG_WARN_DIRECT_OBJC_ISA_USAGE = YES_ERROR;
				CLANG_WARN_EMPTY_BODY = YES;
				CLANG_WARN_ENUM_CONVERSION = YES;
				CLANG_WARN_INT_CONVERSION = YES;
				CLANG_WARN_OBJC_ROOT_CLASS = YES_ERROR;
				CLANG_WARN_UNREACHABLE_CODE = YES;
				CLANG_WARN__DUPLICATE_METHOD_MATCH = YES;
				"CODE_SIGN_IDENTITY[sdk=iphoneos*]" = "iPhone Developer";
				COPY_PHASE_STRIP = NO;
				ENABLE_STRICT_OBJC_MSGSEND = YES;
				GCC_C_LANGUAGE_STANDARD = gnu99;
				GCC_DYNAMIC_NO_PIC = NO;
				GCC_OPTIMIZATION_LEVEL = 0;
				GCC_PREPROCESSOR_DEFINITIONS = (
					"DEBUG=1",
					"$(inherited)",
				);
				GCC_SYMBOLS_PRIVATE_EXTERN = NO;
				GCC_WARN_64_TO_32_BIT_CONVERSION = YES;
				GCC_WARN_ABOUT_RETURN_TYPE = YES_ERROR;
				GCC_WARN_UNDECLARED_SELECTOR = YES;
				GCC_WARN_UNINITIALIZED_AUTOS = YES_AGGRESSIVE;
				GCC_WARN_UNUSED_FUNCTION = YES;
				GCC_WARN_UNUSED_VARIABLE = YES;
				IPHONEOS_DEPLOYMENT_TARGET = 8.0;
				MTL_ENABLE_DEBUG_INFO = YES;
				ONLY_ACTIVE_ARCH = YES;
				SDKROOT = iphoneos;
				SWIFT_OPTIMIZATION_LEVEL = "-Onone";
			};
			name = Debug;
		};
		8C22783D19BD43DD00815B3E /* Release */ = {
			isa = XCBuildConfiguration;
			buildSettings = {
				ALWAYS_SEARCH_USER_PATHS = NO;
				CLANG_CXX_LANGUAGE_STANDARD = "gnu++0x";
				CLANG_CXX_LIBRARY = "libc++";
				CLANG_ENABLE_MODULES = YES;
				CLANG_ENABLE_OBJC_ARC = YES;
				CLANG_WARN_BOOL_CONVERSION = YES;
				CLANG_WARN_CONSTANT_CONVERSION = YES;
				CLANG_WARN_DIRECT_OBJC_ISA_USAGE = YES_ERROR;
				CLANG_WARN_EMPTY_BODY = YES;
				CLANG_WARN_ENUM_CONVERSION = YES;
				CLANG_WARN_INT_CONVERSION = YES;
				CLANG_WARN_OBJC_ROOT_CLASS = YES_ERROR;
				CLANG_WARN_UNREACHABLE_CODE = YES;
				CLANG_WARN__DUPLICATE_METHOD_MATCH = YES;
				"CODE_SIGN_IDENTITY[sdk=iphoneos*]" = "iPhone Developer";
				COPY_PHASE_STRIP = YES;
				ENABLE_NS_ASSERTIONS = NO;
				ENABLE_STRICT_OBJC_MSGSEND = YES;
				GCC_C_LANGUAGE_STANDARD = gnu99;
				GCC_WARN_64_TO_32_BIT_CONVERSION = YES;
				GCC_WARN_ABOUT_RETURN_TYPE = YES_ERROR;
				GCC_WARN_UNDECLARED_SELECTOR = YES;
				GCC_WARN_UNINITIALIZED_AUTOS = YES_AGGRESSIVE;
				GCC_WARN_UNUSED_FUNCTION = YES;
				GCC_WARN_UNUSED_VARIABLE = YES;
				IPHONEOS_DEPLOYMENT_TARGET = 8.0;
				MTL_ENABLE_DEBUG_INFO = NO;
				SDKROOT = iphoneos;
				VALIDATE_PRODUCT = YES;
			};
			name = Release;
		};
		8C22783F19BD43DD00815B3E /* Debug */ = {
			isa = XCBuildConfiguration;
			buildSettings = {
				ASSETCATALOG_COMPILER_APPICON_NAME = AppIcon;
				ASSETCATALOG_COMPILER_LAUNCHIMAGE_NAME = LaunchImage;
				INFOPLIST_FILE = tips/Info.plist;
				IPHONEOS_DEPLOYMENT_TARGET = 7.0;
				LD_RUNPATH_SEARCH_PATHS = "$(inherited) @executable_path/Frameworks";
				PRODUCT_NAME = "$(TARGET_NAME)";
			};
			name = Debug;
		};
		8C22784019BD43DD00815B3E /* Release */ = {
			isa = XCBuildConfiguration;
			buildSettings = {
				ASSETCATALOG_COMPILER_APPICON_NAME = AppIcon;
				ASSETCATALOG_COMPILER_LAUNCHIMAGE_NAME = LaunchImage;
				INFOPLIST_FILE = tips/Info.plist;
				IPHONEOS_DEPLOYMENT_TARGET = 7.0;
				LD_RUNPATH_SEARCH_PATHS = "$(inherited) @executable_path/Frameworks";
				PRODUCT_NAME = "$(TARGET_NAME)";
			};
			name = Release;
		};
		8C22784219BD43DD00815B3E /* Debug */ = {
			isa = XCBuildConfiguration;
			buildSettings = {
				BUNDLE_LOADER = "$(TEST_HOST)";
				FRAMEWORK_SEARCH_PATHS = (
					"$(SDKROOT)/Developer/Library/Frameworks",
					"$(inherited)",
				);
				GCC_PREPROCESSOR_DEFINITIONS = (
					"DEBUG=1",
					"$(inherited)",
				);
				INFOPLIST_FILE = tipsTests/Info.plist;
				LD_RUNPATH_SEARCH_PATHS = "$(inherited) @executable_path/Frameworks @loader_path/Frameworks";
				PRODUCT_NAME = "$(TARGET_NAME)";
				TEST_HOST = "$(BUILT_PRODUCTS_DIR)/tips.app/tips";
			};
			name = Debug;
		};
		8C22784319BD43DD00815B3E /* Release */ = {
			isa = XCBuildConfiguration;
			buildSettings = {
				BUNDLE_LOADER = "$(TEST_HOST)";
				FRAMEWORK_SEARCH_PATHS = (
					"$(SDKROOT)/Developer/Library/Frameworks",
					"$(inherited)",
				);
				INFOPLIST_FILE = tipsTests/Info.plist;
				LD_RUNPATH_SEARCH_PATHS = "$(inherited) @executable_path/Frameworks @loader_path/Frameworks";
				PRODUCT_NAME = "$(TARGET_NAME)";
				TEST_HOST = "$(BUILT_PRODUCTS_DIR)/tips.app/tips";
			};
			name = Release;
		};
/* End XCBuildConfiguration section */

/* Begin XCConfigurationList section */
		8C22781D19BD43DC00815B3E /* Build configuration list for PBXProject "tips" */ = {
			isa = XCConfigurationList;
			buildConfigurations = (
				8C22783C19BD43DD00815B3E /* Debug */,
				8C22783D19BD43DD00815B3E /* Release */,
			);
			defaultConfigurationIsVisible = 0;
			defaultConfigurationName = Release;
		};
		8C22783E19BD43DD00815B3E /* Build configuration list for PBXNativeTarget "tips" */ = {
			isa = XCConfigurationList;
			buildConfigurations = (
				8C22783F19BD43DD00815B3E /* Debug */,
				8C22784019BD43DD00815B3E /* Release */,
			);
			defaultConfigurationIsVisible = 0;
		};
		8C22784119BD43DD00815B3E /* Build configuration list for PBXNativeTarget "tipsTests" */ = {
			isa = XCConfigurationList;
			buildConfigurations = (
				8C22784219BD43DD00815B3E /* Debug */,
				8C22784319BD43DD00815B3E /* Release */,
			);
			defaultConfigurationIsVisible = 0;
		};
/* End XCConfigurationList section */
	};
	rootObject = 8C22781A19BD43DC00815B3E /* Project object */;
}
